
Microsoft Visual Studio Solution File, Format Version 12.00
# Visual Studio 15
VisualStudioVersion = 15.0.27428.2011
MinimumVisualStudioVersion = 10.0.40219.1
Project("{FAE04EC0-301F-11D3-BF4B-00C04F79EFBC}") = "SpellDatabaseGui", "SpellDatabaseGui\SpellDatabaseGui.csproj", "{0659CD71-19AA-4D67-BA35-5D4E21486FA9}"
EndProject
Project("{FAE04EC0-301F-11D3-BF4B-00C04F79EFBC}") = "SpellDatabase", "SpellDatabase\SpellDatabase.csproj", "{B388E443-35F0-443D-98B8-F928CF268B98}"
EndProject
Global
	GlobalSection(SolutionConfigurationPlatforms) = preSolution
		Debug|Any CPU = Debug|Any CPU
		Release|Any CPU = Release|Any CPU
	EndGlobalSection
	GlobalSection(ProjectConfigurationPlatforms) = postSolution
		{0659CD71-19AA-4D67-BA35-5D4E21486FA9}.Debug|Any CPU.ActiveCfg = Debug|Any CPU
		{0659CD71-19AA-4D67-BA35-5D4E21486FA9}.Debug|Any CPU.Build.0 = Debug|Any CPU
		{0659CD71-19AA-4D67-BA35-5D4E21486FA9}.Release|Any CPU.ActiveCfg = Release|Any CPU
		{0659CD71-19AA-4D67-BA35-5D4E21486FA9}.Release|Any CPU.Build.0 = Release|Any CPU
		{B388E443-35F0-443D-98B8-F928CF268B98}.Debug|Any CPU.ActiveCfg = Debug|Any CPU
		{B388E443-35F0-443D-98B8-F928CF268B98}.Debug|Any CPU.Build.0 = Debug|Any CPU
		{B388E443-35F0-443D-98B8-F928CF268B98}.Release|Any CPU.ActiveCfg = Release|Any CPU
		{B388E443-35F0-443D-98B8-F928CF268B98}.Release|Any CPU.Build.0 = Release|Any CPU
	EndGlobalSection
	GlobalSection(SolutionProperties) = preSolution
		HideSolutionNode = FALSE
	EndGlobalSection
	GlobalSection(ExtensibilityGlobals) = postSolution
		SolutionGuid = {E42E0C27-4CD5-4D2E-BC5A-D7CECA6CE3ED}
	EndGlobalSection
EndGlobal
